
Microsoft Visual Studio Solution File, Format Version 12.00
# Visual Studio Version 16
VisualStudioVersion = 16.0.31313.79
MinimumVisualStudioVersion = 10.0.40219.1
Project("{FAE04EC0-301F-11D3-BF4B-00C04F79EFBC}") = "MousePointCaptureOnScreenEdge", "MousePointCaptureOnScreenEdge\MousePointCaptureOnScreenEdge.csproj", "{7DAA1FB8-E524-41BC-9C0B-016DC786CCD8}"
EndProject
Project("{FAE04EC0-301F-11D3-BF4B-00C04F79EFBC}") = "MousePointCaptureOnScreenEdgeForms", "MousePointCaptureOnScreenEdgeForms\MousePointCaptureOnScreenEdgeForms.csproj", "{06798A5C-7723-460E-A20C-3966F89976C2}"
EndProject
Global
	GlobalSection(SolutionConfigurationPlatforms) = preSolution
		Debug|Any CPU = Debug|Any CPU
		Release|Any CPU = Release|Any CPU
	EndGlobalSection
	GlobalSection(ProjectConfigurationPlatforms) = postSolution
		{7DAA1FB8-E524-41BC-9C0B-016DC786CCD8}.Debug|Any CPU.ActiveCfg = Debug|Any CPU
		{7DAA1FB8-E524-41BC-9C0B-016DC786CCD8}.Debug|Any CPU.Build.0 = Debug|Any CPU
		{7DAA1FB8-E524-41BC-9C0B-016DC786CCD8}.Release|Any CPU.ActiveCfg = Release|Any CPU
		{7DAA1FB8-E524-41BC-9C0B-016DC786CCD8}.Release|Any CPU.Build.0 = Release|Any CPU
		{06798A5C-7723-460E-A20C-3966F89976C2}.Debug|Any CPU.ActiveCfg = Debug|Any CPU
		{06798A5C-7723-460E-A20C-3966F89976C2}.Debug|Any CPU.Build.0 = Debug|Any CPU
		{06798A5C-7723-460E-A20C-3966F89976C2}.Release|Any CPU.ActiveCfg = Release|Any CPU
		{06798A5C-7723-460E-A20C-3966F89976C2}.Release|Any CPU.Build.0 = Release|Any CPU
	EndGlobalSection
	GlobalSection(SolutionProperties) = preSolution
		HideSolutionNode = FALSE
	EndGlobalSection
	GlobalSection(ExtensibilityGlobals) = postSolution
		SolutionGuid = {7BAB35EF-1F42-4082-8CB1-17D03A8E7238}
	EndGlobalSection
EndGlobal
