
Microsoft Visual Studio Solution File, Format Version 12.00
# Visual Studio Version 16
VisualStudioVersion = 16.0.31313.79
MinimumVisualStudioVersion = 10.0.40219.1
Project("{FAE04EC0-301F-11D3-BF4B-00C04F79EFBC}") = "ImageViewer5", "ImageViewer5\ImageViewer5.csproj", "{B4E1BED2-6E42-47AA-BEAC-6FB8F26CE5F9}"
EndProject
Project("{FAE04EC0-301F-11D3-BF4B-00C04F79EFBC}") = "FileListManagerSample", "..\DragAndDropSample\FileListManagerSample\FileListManagerSample.csproj", "{0BF9FE4E-A958-4796-A3CE-CFF7FF50A06F}"
EndProject
Project("{FAE04EC0-301F-11D3-BF4B-00C04F79EFBC}") = "CommonModulesProject", "..\DragAndDropSample\CommonModulesProject\CommonModulesProject.csproj", "{ACCD9FD8-7CE5-491F-BD29-1CB9F52C061F}"
EndProject
Global
	GlobalSection(SolutionConfigurationPlatforms) = preSolution
		Debug|Any CPU = Debug|Any CPU
		Release|Any CPU = Release|Any CPU
	EndGlobalSection
	GlobalSection(ProjectConfigurationPlatforms) = postSolution
		{B4E1BED2-6E42-47AA-BEAC-6FB8F26CE5F9}.Debug|Any CPU.ActiveCfg = Debug|Any CPU
		{B4E1BED2-6E42-47AA-BEAC-6FB8F26CE5F9}.Debug|Any CPU.Build.0 = Debug|Any CPU
		{B4E1BED2-6E42-47AA-BEAC-6FB8F26CE5F9}.Release|Any CPU.ActiveCfg = Release|Any CPU
		{B4E1BED2-6E42-47AA-BEAC-6FB8F26CE5F9}.Release|Any CPU.Build.0 = Release|Any CPU
		{0BF9FE4E-A958-4796-A3CE-CFF7FF50A06F}.Debug|Any CPU.ActiveCfg = Debug|Any CPU
		{0BF9FE4E-A958-4796-A3CE-CFF7FF50A06F}.Debug|Any CPU.Build.0 = Debug|Any CPU
		{0BF9FE4E-A958-4796-A3CE-CFF7FF50A06F}.Release|Any CPU.ActiveCfg = Release|Any CPU
		{0BF9FE4E-A958-4796-A3CE-CFF7FF50A06F}.Release|Any CPU.Build.0 = Release|Any CPU
		{ACCD9FD8-7CE5-491F-BD29-1CB9F52C061F}.Debug|Any CPU.ActiveCfg = Debug|Any CPU
		{ACCD9FD8-7CE5-491F-BD29-1CB9F52C061F}.Debug|Any CPU.Build.0 = Debug|Any CPU
		{ACCD9FD8-7CE5-491F-BD29-1CB9F52C061F}.Release|Any CPU.ActiveCfg = Release|Any CPU
		{ACCD9FD8-7CE5-491F-BD29-1CB9F52C061F}.Release|Any CPU.Build.0 = Release|Any CPU
	EndGlobalSection
	GlobalSection(SolutionProperties) = preSolution
		HideSolutionNode = FALSE
	EndGlobalSection
	GlobalSection(ExtensibilityGlobals) = postSolution
		SolutionGuid = {737C9877-643F-4393-A070-1913B23F009E}
	EndGlobalSection
EndGlobal
