
Microsoft Visual Studio Solution File, Format Version 12.00
# Visual Studio Version 16
VisualStudioVersion = 16.0.31313.79
MinimumVisualStudioVersion = 10.0.40219.1
Project("{FAE04EC0-301F-11D3-BF4B-00C04F79EFBC}") = "ButtonKeyDonwTest", "ButtonKeyDonwTest\ButtonKeyDonwTest.csproj", "{8B861286-02B3-43AC-BC83-359A8206157B}"
EndProject
Global
	GlobalSection(SolutionConfigurationPlatforms) = preSolution
		Debug|Any CPU = Debug|Any CPU
		Release|Any CPU = Release|Any CPU
	EndGlobalSection
	GlobalSection(ProjectConfigurationPlatforms) = postSolution
		{8B861286-02B3-43AC-BC83-359A8206157B}.Debug|Any CPU.ActiveCfg = Debug|Any CPU
		{8B861286-02B3-43AC-BC83-359A8206157B}.Debug|Any CPU.Build.0 = Debug|Any CPU
		{8B861286-02B3-43AC-BC83-359A8206157B}.Release|Any CPU.ActiveCfg = Release|Any CPU
		{8B861286-02B3-43AC-BC83-359A8206157B}.Release|Any CPU.Build.0 = Release|Any CPU
	EndGlobalSection
	GlobalSection(SolutionProperties) = preSolution
		HideSolutionNode = FALSE
	EndGlobalSection
	GlobalSection(ExtensibilityGlobals) = postSolution
		SolutionGuid = {0FF965CD-94C4-4941-9E5B-0E660785E625}
	EndGlobalSection
EndGlobal
