
Microsoft Visual Studio Solution File, Format Version 12.00
# Visual Studio Version 16
VisualStudioVersion = 16.0.31313.79
MinimumVisualStudioVersion = 10.0.40219.1
Project("{FAE04EC0-301F-11D3-BF4B-00C04F79EFBC}") = "CommonUtility", "CommonUtility\CommonUtility.csproj", "{9EF40D5E-ECED-409B-AAB0-4F93FE806D6C}"
EndProject
Project("{FAE04EC0-301F-11D3-BF4B-00C04F79EFBC}") = "CommonUtilitySample", "CommonUtilitySample\CommonUtilitySample.csproj", "{CE27B084-7D90-4FC7-ACE0-EABEF9B1484F}"
EndProject
Global
	GlobalSection(SolutionConfigurationPlatforms) = preSolution
		Debug|Any CPU = Debug|Any CPU
		Release|Any CPU = Release|Any CPU
	EndGlobalSection
	GlobalSection(ProjectConfigurationPlatforms) = postSolution
		{9EF40D5E-ECED-409B-AAB0-4F93FE806D6C}.Debug|Any CPU.ActiveCfg = Debug|Any CPU
		{9EF40D5E-ECED-409B-AAB0-4F93FE806D6C}.Debug|Any CPU.Build.0 = Debug|Any CPU
		{9EF40D5E-ECED-409B-AAB0-4F93FE806D6C}.Release|Any CPU.ActiveCfg = Release|Any CPU
		{9EF40D5E-ECED-409B-AAB0-4F93FE806D6C}.Release|Any CPU.Build.0 = Release|Any CPU
		{CE27B084-7D90-4FC7-ACE0-EABEF9B1484F}.Debug|Any CPU.ActiveCfg = Debug|Any CPU
		{CE27B084-7D90-4FC7-ACE0-EABEF9B1484F}.Debug|Any CPU.Build.0 = Debug|Any CPU
		{CE27B084-7D90-4FC7-ACE0-EABEF9B1484F}.Release|Any CPU.ActiveCfg = Release|Any CPU
		{CE27B084-7D90-4FC7-ACE0-EABEF9B1484F}.Release|Any CPU.Build.0 = Release|Any CPU
	EndGlobalSection
	GlobalSection(SolutionProperties) = preSolution
		HideSolutionNode = FALSE
	EndGlobalSection
	GlobalSection(ExtensibilityGlobals) = postSolution
		SolutionGuid = {0A8FD10B-0CA1-41FA-90A7-1276AA611632}
	EndGlobalSection
EndGlobal
